// !$*UTF8*$!
{
	archiveVersion = 1;
	classes = {
	};
	objectVersion = 46;
	objects = {

/* Begin PBXBuildFile section */
		1D477D4A1DEF138B00817ACB /* AppDelegate.swift in Sources */ = {isa = PBXBuildFile; fileRef = 1D477D491DEF138B00817ACB /* AppDelegate.swift */; };
		1D477D4C1DEF138B00817ACB /* ViewController.swift in Sources */ = {isa = PBXBuildFile; fileRef = 1D477D4B1DEF138B00817ACB /* ViewController.swift */; };
		1D477D4F1DEF138B00817ACB /* Main.storyboard in Resources */ = {isa = PBXBuildFile; fileRef = 1D477D4D1DEF138B00817ACB /* Main.storyboard */; };
		1D477D511DEF138B00817ACB /* Assets.xcassets in Resources */ = {isa = PBXBuildFile; fileRef = 1D477D501DEF138B00817ACB /* Assets.xcassets */; };
		57307E67D5E6A17B4D4F1704 /* Pods_douyu.framework in Frameworks */ = {isa = PBXBuildFile; fileRef = 9DB820765B538DE3F683A52E /* Pods_douyu.framework */; };
/* End PBXBuildFile section */

/* Begin PBXFileReference section */
		10F0ECD10401EB9DF8B1135B /* Pods-douyu.debug.xcconfig */ = {isa = PBXFileReference; includeInIndex = 1; lastKnownFileType = text.xcconfig; name = "Pods-douyu.debug.xcconfig"; path = "Pods/Target Support Files/Pods-douyu/Pods-douyu.debug.xcconfig"; sourceTree = "<group>"; };
		1D477D461DEF138B00817ACB /* douyu.app */ = {isa = PBXFileReference; explicitFileType = wrapper.application; includeInIndex = 0; path = douyu.app; sourceTree = BUILT_PRODUCTS_DIR; };
		1D477D491DEF138B00817ACB /* AppDelegate.swift */ = {isa = PBXFileReference; lastKnownFileType = sourcecode.swift; path = AppDelegate.swift; sourceTree = "<group>"; };
		1D477D4B1DEF138B00817ACB /* ViewController.swift */ = {isa = PBXFileReference; lastKnownFileType = sourcecode.swift; path = ViewController.swift; sourceTree = "<group>"; };
		1D477D4E1DEF138B00817ACB /* Base */ = {isa = PBXFileReference; lastKnownFileType = file.storyboard; name = Base; path = Base.lproj/Main.storyboard; sourceTree = "<group>"; };
		1D477D501DEF138B00817ACB /* Assets.xcassets */ = {isa = PBXFileReference; lastKnownFileType = folder.assetcatalog; path = Assets.xcassets; sourceTree = "<group>"; };
		1D477D551DEF138B00817ACB /* Info.plist */ = {isa = PBXFileReference; lastKnownFileType = text.plist.xml; path = Info.plist; sourceTree = "<group>"; };
		9DB820765B538DE3F683A52E /* Pods_douyu.framework */ = {isa = PBXFileReference; explicitFileType = wrapper.framework; includeInIndex = 0; path = Pods_douyu.framework; sourceTree = BUILT_PRODUCTS_DIR; };
		C8AF64727B7B42B2C5FE147B /* Pods-douyu.release.xcconfig */ = {isa = PBXFileReference; includeInIndex = 1; lastKnownFileType = text.xcconfig; name = "Pods-douyu.release.xcconfig"; path = "Pods/Target Support Files/Pods-douyu/Pods-douyu.release.xcconfig"; sourceTree = "<group>"; };
/* End PBXFileReference section */

/* Begin PBXFrameworksBuildPhase section */
		1D477D431DEF138B00817ACB /* Frameworks */ = {
			isa = PBXFrameworksBuildPhase;
			buildActionMask = 2147483647;
			files = (
				57307E67D5E6A17B4D4F1704 /* Pods_douyu.framework in Frameworks */,
			);
			runOnlyForDeploymentPostprocessing = 0;
		};
/* End PBXFrameworksBuildPhase section */

/* Begin PBXGroup section */
		1D477D3D1DEF138B00817ACB = {
			isa = PBXGroup;
			children = (
				1D477D481DEF138B00817ACB /* douyu */,
				1D477D471DEF138B00817ACB /* Products */,
				2DF9A74CFE0B1D073A67C295 /* Pods */,
				6FC02689077043C57EBF6915 /* Frameworks */,
			);
			sourceTree = "<group>";
		};
		1D477D471DEF138B00817ACB /* Products */ = {
			isa = PBXGroup;
			children = (
				1D477D461DEF138B00817ACB /* douyu.app */,
			);
			name = Products;
			sourceTree = "<group>";
		};
		1D477D481DEF138B00817ACB /* douyu */ = {
			isa = PBXGroup;
			children = (
				1D477D491DEF138B00817ACB /* AppDelegate.swift */,
				1D477D4B1DEF138B00817ACB /* ViewController.swift */,
				1D477D4D1DEF138B00817ACB /* Main.storyboard */,
				1D477D501DEF138B00817ACB /* Assets.xcassets */,
				1D477D551DEF138B00817ACB /* Info.plist */,
			);
			path = douyu;
			sourceTree = "<group>";
		};
		2DF9A74CFE0B1D073A67C295 /* Pods */ = {
			isa = PBXGroup;
			children = (
				10F0ECD10401EB9DF8B1135B /* Pods-douyu.debug.xcconfig */,
				C8AF64727B7B42B2C5FE147B /* Pods-douyu.release.xcconfig */,
			);
			name = Pods;
			sourceTree = "<group>";
		};
		6FC02689077043C57EBF6915 /* Frameworks */ = {
			isa = PBXGroup;
			children = (
				9DB820765B538DE3F683A52E /* Pods_douyu.framework */,
			);
			name = Frameworks;
			sourceTree = "<group>";
		};
/* End PBXGroup section */

/* Begin PBXNativeTarget section */
		1D477D451DEF138B00817ACB /* douyu */ = {
			isa = PBXNativeTarget;
			buildConfigurationList = 1D477D581DEF138B00817ACB /* Build configuration list for PBXNativeTarget "douyu" */;
			buildPhases = (
				7AEEC3951D12A9FCFFCD4DA6 /* [CP] Check Pods Manifest.lock */,
				1D477D421DEF138B00817ACB /* Sources */,
				1D477D431DEF138B00817ACB /* Frameworks */,
				1D477D441DEF138B00817ACB /* Resources */,
				3EBB0A39D5F0FBF14F7782DE /* [CP] Embed Pods Frameworks */,
				4C12E55312B1B87D719D2F5C /* [CP] Copy Pods Resources */,
			);
			buildRules = (
			);
			dependencies = (
			);
			name = douyu;
			productName = douyu;
			productReference = 1D477D461DEF138B00817ACB /* douyu.app */;
			productType = "com.apple.product-type.application";
		};
/* End PBXNativeTarget section */

/* Begin PBXProject section */
		1D477D3E1DEF138B00817ACB /* Project object */ = {
			isa = PBXProject;
			attributes = {
				LastSwiftUpdateCheck = 0810;
				LastUpgradeCheck = 0810;
				ORGANIZATIONNAME = SF;
				TargetAttributes = {
					1D477D451DEF138B00817ACB = {
						CreatedOnToolsVersion = 8.1;
						DevelopmentTeam = VN226642G5;
						ProvisioningStyle = Automatic;
					};
				};
			};
			buildConfigurationList = 1D477D411DEF138B00817ACB /* Build configuration list for PBXProject "douyu" */;
			compatibilityVersion = "Xcode 3.2";
			developmentRegion = English;
			hasScannedForEncodings = 0;
			knownRegions = (
				en,
				Base,
			);
			mainGroup = 1D477D3D1DEF138B00817ACB;
			productRefGroup = 1D477D471DEF138B00817ACB /* Products */;
			projectDirPath = "";
			projectRoot = "";
			targets = (
				1D477D451DEF138B00817ACB /* douyu */,
			);
		};
/* End PBXProject section */

/* Begin PBXResourcesBuildPhase section */
		1D477D441DEF138B00817ACB /* Resources */ = {
			isa = PBXResourcesBuildPhase;
			buildActionMask = 2147483647;
			files = (
				1D477D511DEF138B00817ACB /* Assets.xcassets in Resources */,
				1D477D4F1DEF138B00817ACB /* Main.storyboard in Resources */,
			);
			runOnlyForDeploymentPostprocessing = 0;
		};
/* End PBXResourcesBuildPhase section */

/* Begin PBXShellScriptBuildPhase section */
		3EBB0A39D5F0FBF14F7782DE /* [CP] Embed Pods Frameworks */ = {
			isa = PBXShellScriptBuildPhase;
			buildActionMask = 2147483647;
			files = (
			);
			inputPaths = (
			);
			name = "[CP] Embed Pods Frameworks";
			outputPaths = (
			);
			runOnlyForDeploymentPostprocessing = 0;
			shellPath = /bin/sh;
			shellScript = "\"${SRCROOT}/Pods/Target Support Files/Pods-douyu/Pods-douyu-frameworks.sh\"\n";
			showEnvVarsInLog = 0;
		};
		4C12E55312B1B87D719D2F5C /* [CP] Copy Pods Resources */ = {
			isa = PBXShellScriptBuildPhase;
			buildActionMask = 2147483647;
			files = (
			);
			inputPaths = (
			);
			name = "[CP] Copy Pods Resources";
			outputPaths = (
			);
			runOnlyForDeploymentPostprocessing = 0;
			shellPath = /bin/sh;
			shellScript = "\"${SRCROOT}/Pods/Target Support Files/Pods-douyu/Pods-douyu-resources.sh\"\n";
			showEnvVarsInLog = 0;
		};
		7AEEC3951D12A9FCFFCD4DA6 /* [CP] Check Pods Manifest.lock */ = {
			isa = PBXShellScriptBuildPhase;
			buildActionMask = 2147483647;
			files = (
			);
			inputPaths = (
			);
			name = "[CP] Check Pods Manifest.lock";
			outputPaths = (
			);
			runOnlyForDeploymentPostprocessing = 0;
			shellPath = /bin/sh;
			shellScript = "diff \"${PODS_ROOT}/../Podfile.lock\" \"${PODS_ROOT}/Manifest.lock\" > /dev/null\nif [ $? != 0 ] ; then\n    # print error to STDERR\n    echo \"error: The sandbox is not in sync with the Podfile.lock. Run 'pod install' or update your CocoaPods installation.\" >&2\n    exit 1\nfi\n";
			showEnvVarsInLog = 0;
		};
/* End PBXShellScriptBuildPhase section */

/* Begin PBXSourcesBuildPhase section */
		1D477D421DEF138B00817ACB /* Sources */ = {
			isa = PBXSourcesBuildPhase;
			buildActionMask = 2147483647;
			files = (
				1D477D4C1DEF138B00817ACB /* ViewController.swift in Sources */,
				1D477D4A1DEF138B00817ACB /* AppDelegate.swift in Sources */,
			);
			runOnlyForDeploymentPostprocessing = 0;
		};
/* End PBXSourcesBuildPhase section */

/* Begin PBXVariantGroup section */
		1D477D4D1DEF138B00817ACB /* Main.storyboard */ = {
			isa = PBXVariantGroup;
			children = (
				1D477D4E1DEF138B00817ACB /* Base */,
			);
			name = Main.storyboard;
			sourceTree = "<group>";
		};
/* End PBXVariantGroup section */

/* Begin XCBuildConfiguration section */
		1D477D561DEF138B00817ACB /* Debug */ = {
			isa = XCBuildConfiguration;
			buildSettings = {
				ALWAYS_SEARCH_USER_PATHS = NO;
				CLANG_ANALYZER_NONNULL = YES;
				CLANG_CXX_LANGUAGE_STANDARD = "gnu++0x";
				CLANG_CXX_LIBRARY = "libc++";
				CLANG_ENABLE_MODULES = YES;
				CLANG_ENABLE_OBJC_ARC = YES;
				CLANG_WARN_BOOL_CONVERSION = YES;
				CLANG_WARN_CONSTANT_CONVERSION = YES;
				CLANG_WARN_DIRECT_OBJC_ISA_USAGE = YES_ERROR;
				CLANG_WARN_DOCUMENTATION_COMMENTS = YES;
				CLANG_WARN_EMPTY_BODY = YES;
				CLANG_WARN_ENUM_CONVERSION = YES;
				CLANG_WARN_INFINITE_RECURSION = YES;
				CLANG_WARN_INT_CONVERSION = YES;
				CLANG_WARN_OBJC_ROOT_CLASS = YES_ERROR;
				CLANG_WARN_SUSPICIOUS_MOVES = YES;
				CLANG_WARN_UNREACHABLE_CODE = YES;
				CLANG_WARN__DUPLICATE_METHOD_MATCH = YES;
				"CODE_SIGN_IDENTITY[sdk=iphoneos*]" = "iPhone Developer";
				COPY_PHASE_STRIP = NO;
				DEBUG_INFORMATION_FORMAT = dwarf;
				ENABLE_STRICT_OBJC_MSGSEND = YES;
				ENABLE_TESTABILITY = YES;
				GCC_C_LANGUAGE_STANDARD = gnu99;
				GCC_DYNAMIC_NO_PIC = NO;
				GCC_NO_COMMON_BLOCKS = YES;
				GCC_OPTIMIZATION_LEVEL = 0;
				GCC_PREPROCESSOR_DEFINITIONS = (
					"DEBUG=1",
					"$(inherited)",
				);
				GCC_WARN_64_TO_32_BIT_CONVERSION = YES;
				GCC_WARN_ABOUT_RETURN_TYPE = YES_ERROR;
				GCC_WARN_UNDECLARED_SELECTOR = YES;
				GCC_WARN_UNINITIALIZED_AUTOS = YES_AGGRESSIVE;
				GCC_WARN_UNUSED_FUNCTION = YES;
				GCC_WARN_UNUSED_VARIABLE = YES;
				IPHONEOS_DEPLOYMENT_TARGET = 10.1;
				MTL_ENABLE_DEBUG_INFO = YES;
				ONLY_ACTIVE_ARCH = YES;
				SDKROOT = iphoneos;
				SWIFT_ACTIVE_COMPILATION_CONDITIONS = DEBUG;
				SWIFT_OPTIMIZATION_LEVEL = "-Onone";
			};
			name = Debug;
		};
		1D477D571DEF138B00817ACB /* Release */ = {
			isa = XCBuildConfiguration;
			buildSettings = {
				ALWAYS_SEARCH_USER_PATHS = NO;
				CLANG_ANALYZER_NONNULL = YES;
				CLANG_CXX_LANGUAGE_STANDARD = "gnu++0x";
				CLANG_CXX_LIBRARY = "libc++";
				CLANG_ENABLE_MODULES = YES;
				CLANG_ENABLE_OBJC_ARC = YES;
				CLANG_WARN_BOOL_CONVERSION = YES;
				CLANG_WARN_CONSTANT_CONVERSION = YES;
				CLANG_WARN_DIRECT_OBJC_ISA_USAGE = YES_ERROR;
				CLANG_WARN_DOCUMENTATION_COMMENTS = YES;
				CLANG_WARN_EMPTY_BODY = YES;
				CLANG_WARN_ENUM_CONVERSION = YES;
				CLANG_WARN_INFINITE_RECURSION = YES;
				CLANG_WARN_INT_CONVERSION = YES;
				CLANG_WARN_OBJC_ROOT_CLASS = YES_ERROR;
				CLANG_WARN_SUSPICIOUS_MOVES = YES;
				CLANG_WARN_UNREACHABLE_CODE = YES;
				CLANG_WARN__DUPLICATE_METHOD_MATCH = YES;
				"CODE_SIGN_IDENTITY[sdk=iphoneos*]" = "iPhone Developer";
				COPY_PHASE_STRIP = NO;
				DEBUG_INFORMATION_FORMAT = "dwarf-with-dsym";
				ENABLE_NS_ASSERTIONS = NO;
				ENABLE_STRICT_OBJC_MSGSEND = YES;
				GCC_C_LANGUAGE_STANDARD = gnu99;
				GCC_NO_COMMON_BLOCKS = YES;
				GCC_WARN_64_TO_32_BIT_CONVERSION = YES;
				GCC_WARN_ABOUT_RETURN_TYPE = YES_ERROR;
				GCC_WARN_UNDECLARED_SELECTOR = YES;
				GCC_WARN_UNINITIALIZED_AUTOS = YES_AGGRESSIVE;
				GCC_WARN_UNUSED_FUNCTION = YES;
				GCC_WARN_UNUSED_VARIABLE = YES;
				IPHONEOS_DEPLOYMENT_TARGET = 10.1;
				MTL_ENABLE_DEBUG_INFO = NO;
				SDKROOT = iphoneos;
				SWIFT_OPTIMIZATION_LEVEL = "-Owholemodule";
				VALIDATE_PRODUCT = YES;
			};
			name = Release;
		};
		1D477D591DEF138B00817ACB /* Debug */ = {
			isa = XCBuildConfiguration;
			baseConfigurationReference = 10F0ECD10401EB9DF8B1135B /* Pods-douyu.debug.xcconfig */;
			buildSettings = {
				ASSETCATALOG_COMPILER_APPICON_NAME = AppIcon;
				ASSETCATALOG_COMPILER_LAUNCHIMAGE_NAME = LaunchImage;
				DEVELOPMENT_TEAM = VN226642G5;
				INFOPLIST_FILE = douyu/Info.plist;
				LD_RUNPATH_SEARCH_PATHS = "$(inherited) @executable_path/Frameworks";
				PRODUCT_BUNDLE_IDENTIFIER = com.suifeng.douyu;
				PRODUCT_NAME = "$(TARGET_NAME)";
				SWIFT_VERSION = 3.0;
			};
			name = Debug;
		};
		1D477D5A1DEF138B00817ACB /* Release */ = {
			isa = XCBuildConfiguration;
			baseConfigurationReference = C8AF64727B7B42B2C5FE147B /* Pods-douyu.release.xcconfig */;
			buildSettings = {
				ASSETCATALOG_COMPILER_APPICON_NAME = AppIcon;
				ASSETCATALOG_COMPILER_LAUNCHIMAGE_NAME = LaunchImage;
				DEVELOPMENT_TEAM = VN226642G5;
				INFOPLIST_FILE = douyu/Info.plist;
				LD_RUNPATH_SEARCH_PATHS = "$(inherited) @executable_path/Frameworks";
				PRODUCT_BUNDLE_IDENTIFIER = com.suifeng.douyu;
				PRODUCT_NAME = "$(TARGET_NAME)";
				SWIFT_VERSION = 3.0;
			};
			name = Release;
		};
/* End XCBuildConfiguration section */

/* Begin XCConfigurationList section */
		1D477D411DEF138B00817ACB /* Build configuration list for PBXProject "douyu" */ = {
			isa = XCConfigurationList;
			buildConfigurations = (
				1D477D561DEF138B00817ACB /* Debug */,
				1D477D571DEF138B00817ACB /* Release */,
			);
			defaultConfigurationIsVisible = 0;
			defaultConfigurationName = Release;
		};
		1D477D581DEF138B00817ACB /* Build configuration list for PBXNativeTarget "douyu" */ = {
			isa = XCConfigurationList;
			buildConfigurations = (
				1D477D591DEF138B00817ACB /* Debug */,
				1D477D5A1DEF138B00817ACB /* Release */,
			);
			defaultConfigurationIsVisible = 0;
		};
/* End XCConfigurationList section */
	};
	rootObject = 1D477D3E1DEF138B00817ACB /* Project object */;
}
