// !$*UTF8*$!
{
	archiveVersion = 1;
	classes = {
	};
	objectVersion = 46;
	objects = {

/* Begin PBXBuildFile section */
		1D222A781E0FC11700340877 /* RecommendViewModel.swift in Sources */ = {isa = PBXBuildFile; fileRef = 1D222A771E0FC11700340877 /* RecommendViewModel.swift */; };
		1D222A7A1E0FC34A00340877 /* NSDate+Extension.swift in Sources */ = {isa = PBXBuildFile; fileRef = 1D222A791E0FC34A00340877 /* NSDate+Extension.swift */; };
		1D222A7C1E0FC71700340877 /* AnchorGroup.swift in Sources */ = {isa = PBXBuildFile; fileRef = 1D222A7B1E0FC71700340877 /* AnchorGroup.swift */; };
		1D222A7E1E0FCC5400340877 /* Anchor.swift in Sources */ = {isa = PBXBuildFile; fileRef = 1D222A7D1E0FCC5400340877 /* Anchor.swift */; };
		1D258A6F1E0FB80F00EA9014 /* NetWork.swift in Sources */ = {isa = PBXBuildFile; fileRef = 1D258A6E1E0FB80F00EA9014 /* NetWork.swift */; };
		1D2C0C131E0668E10035273A /* CollectionViewNormalCell.swift in Sources */ = {isa = PBXBuildFile; fileRef = 1D2C0C111E0668E10035273A /* CollectionViewNormalCell.swift */; };
		1D2C0C141E0668E10035273A /* CollectionViewNormalCell.xib in Resources */ = {isa = PBXBuildFile; fileRef = 1D2C0C121E0668E10035273A /* CollectionViewNormalCell.xib */; };
		1D3FB5F21DF59EC30027F422 /* PageContentView.swift in Sources */ = {isa = PBXBuildFile; fileRef = 1D3FB5F11DF59EC30027F422 /* PageContentView.swift */; };
		1D3FB5F41DF5A0A70027F422 /* UIColor+Extension.swift in Sources */ = {isa = PBXBuildFile; fileRef = 1D3FB5F31DF5A0A70027F422 /* UIColor+Extension.swift */; };
		1D4336D01E11595800F4A3D9 /* CollectionBaseCell.swift in Sources */ = {isa = PBXBuildFile; fileRef = 1D4336CF1E11595800F4A3D9 /* CollectionBaseCell.swift */; };
		1D4336D21E1161C800F4A3D9 /* RecommendCycleView.xib in Resources */ = {isa = PBXBuildFile; fileRef = 1D4336D11E1161C800F4A3D9 /* RecommendCycleView.xib */; };
		1D4336D41E1161E500F4A3D9 /* RecommendCycleView.swift in Sources */ = {isa = PBXBuildFile; fileRef = 1D4336D31E1161E500F4A3D9 /* RecommendCycleView.swift */; };
		1D4336D61E12B7BC00F4A3D9 /* CycleModel.swift in Sources */ = {isa = PBXBuildFile; fileRef = 1D4336D51E12B7BC00F4A3D9 /* CycleModel.swift */; };
		1D477D4A1DEF138B00817ACB /* AppDelegate.swift in Sources */ = {isa = PBXBuildFile; fileRef = 1D477D491DEF138B00817ACB /* AppDelegate.swift */; };
		1D477D4F1DEF138B00817ACB /* Main.storyboard in Resources */ = {isa = PBXBuildFile; fileRef = 1D477D4D1DEF138B00817ACB /* Main.storyboard */; };
		1D477D511DEF138B00817ACB /* Assets.xcassets in Resources */ = {isa = PBXBuildFile; fileRef = 1D477D501DEF138B00817ACB /* Assets.xcassets */; };
		1D4FD64B1DF9A041003B04FE /* RecommendController.swift in Sources */ = {isa = PBXBuildFile; fileRef = 1D4FD64A1DF9A041003B04FE /* RecommendController.swift */; };
		1D5074DB1DF1BF440033C03B /* HomeController.swift in Sources */ = {isa = PBXBuildFile; fileRef = 1D5074DA1DF1BF440033C03B /* HomeController.swift */; };
		1D5074DE1DF1C4130033C03B /* UIBarButtonItem+Extension.swift in Sources */ = {isa = PBXBuildFile; fileRef = 1D5074DD1DF1C4130033C03B /* UIBarButtonItem+Extension.swift */; };
		1D5074FD1DF2BBB50033C03B /* Common.swift in Sources */ = {isa = PBXBuildFile; fileRef = 1D5074FC1DF2BBB50033C03B /* Common.swift */; };
		1D5074FF1DF2BD0F0033C03B /* PagetitleView.swift in Sources */ = {isa = PBXBuildFile; fileRef = 1D5074FE1DF2BD0F0033C03B /* PagetitleView.swift */; };
		1DADF5081E19092400B4A91F /* GameController.swift in Sources */ = {isa = PBXBuildFile; fileRef = 1DADF5071E19092400B4A91F /* GameController.swift */; };
		1DADF50B1E190D9100B4A91F /* GameCell.swift in Sources */ = {isa = PBXBuildFile; fileRef = 1DADF5091E190D9100B4A91F /* GameCell.swift */; };
		1DADF50C1E190D9100B4A91F /* GameCell.xib in Resources */ = {isa = PBXBuildFile; fileRef = 1DADF50A1E190D9100B4A91F /* GameCell.xib */; };
		1DB7BD8A1DEF27150051FDD0 /* Home.storyboard in Resources */ = {isa = PBXBuildFile; fileRef = 1DB7BD881DEF27150051FDD0 /* Home.storyboard */; };
		1DB7BD8C1DEF28540051FDD0 /* Live.storyboard in Resources */ = {isa = PBXBuildFile; fileRef = 1DB7BD8B1DEF28540051FDD0 /* Live.storyboard */; };
		1DB7BD8F1DEF28680051FDD0 /* Follow.storyboard in Resources */ = {isa = PBXBuildFile; fileRef = 1DB7BD8D1DEF28680051FDD0 /* Follow.storyboard */; };
		1DB7BD911DEF287E0051FDD0 /* Profile.storyboard in Resources */ = {isa = PBXBuildFile; fileRef = 1DB7BD901DEF287E0051FDD0 /* Profile.storyboard */; };
		1DD4F33B1E17B505003C04C8 /* RecommendCycleCell.swift in Sources */ = {isa = PBXBuildFile; fileRef = 1DD4F3391E17B505003C04C8 /* RecommendCycleCell.swift */; };
		1DD4F33C1E17B505003C04C8 /* RecommendCycleCell.xib in Resources */ = {isa = PBXBuildFile; fileRef = 1DD4F33A1E17B505003C04C8 /* RecommendCycleCell.xib */; };
		1DE453641E0C1A2C002A5888 /* CollectionViewBeautyCell.swift in Sources */ = {isa = PBXBuildFile; fileRef = 1DE453621E0C1A2C002A5888 /* CollectionViewBeautyCell.swift */; };
		1DE453651E0C1A2C002A5888 /* CollectionViewBeautyCell.xib in Resources */ = {isa = PBXBuildFile; fileRef = 1DE453631E0C1A2C002A5888 /* CollectionViewBeautyCell.xib */; };
		1DF0CB8A1E042E0D00933227 /* CollectionHeader.swift in Sources */ = {isa = PBXBuildFile; fileRef = 1DF0CB881E042E0D00933227 /* CollectionHeader.swift */; };
		1DF0CB8B1E042E0D00933227 /* CollectionHeader.xib in Resources */ = {isa = PBXBuildFile; fileRef = 1DF0CB891E042E0D00933227 /* CollectionHeader.xib */; };
		57307E67D5E6A17B4D4F1704 /* Pods_douyu.framework in Frameworks */ = {isa = PBXBuildFile; fileRef = 9DB820765B538DE3F683A52E /* Pods_douyu.framework */; };
/* End PBXBuildFile section */

/* Begin PBXFileReference section */
		10F0ECD10401EB9DF8B1135B /* Pods-douyu.debug.xcconfig */ = {isa = PBXFileReference; includeInIndex = 1; lastKnownFileType = text.xcconfig; name = "Pods-douyu.debug.xcconfig"; path = "Pods/Target Support Files/Pods-douyu/Pods-douyu.debug.xcconfig"; sourceTree = "<group>"; };
		1D222A771E0FC11700340877 /* RecommendViewModel.swift */ = {isa = PBXFileReference; fileEncoding = 4; lastKnownFileType = sourcecode.swift; path = RecommendViewModel.swift; sourceTree = "<group>"; };
		1D222A791E0FC34A00340877 /* NSDate+Extension.swift */ = {isa = PBXFileReference; fileEncoding = 4; lastKnownFileType = sourcecode.swift; path = "NSDate+Extension.swift"; sourceTree = "<group>"; };
		1D222A7B1E0FC71700340877 /* AnchorGroup.swift */ = {isa = PBXFileReference; fileEncoding = 4; lastKnownFileType = sourcecode.swift; path = AnchorGroup.swift; sourceTree = "<group>"; };
		1D222A7D1E0FCC5400340877 /* Anchor.swift */ = {isa = PBXFileReference; fileEncoding = 4; lastKnownFileType = sourcecode.swift; path = Anchor.swift; sourceTree = "<group>"; };
		1D258A6E1E0FB80F00EA9014 /* NetWork.swift */ = {isa = PBXFileReference; fileEncoding = 4; lastKnownFileType = sourcecode.swift; path = NetWork.swift; sourceTree = "<group>"; };
		1D2C0C111E0668E10035273A /* CollectionViewNormalCell.swift */ = {isa = PBXFileReference; fileEncoding = 4; lastKnownFileType = sourcecode.swift; path = CollectionViewNormalCell.swift; sourceTree = "<group>"; };
		1D2C0C121E0668E10035273A /* CollectionViewNormalCell.xib */ = {isa = PBXFileReference; fileEncoding = 4; lastKnownFileType = file.xib; path = CollectionViewNormalCell.xib; sourceTree = "<group>"; };
		1D3FB5F11DF59EC30027F422 /* PageContentView.swift */ = {isa = PBXFileReference; fileEncoding = 4; lastKnownFileType = sourcecode.swift; path = PageContentView.swift; sourceTree = "<group>"; };
		1D3FB5F31DF5A0A70027F422 /* UIColor+Extension.swift */ = {isa = PBXFileReference; fileEncoding = 4; lastKnownFileType = sourcecode.swift; path = "UIColor+Extension.swift"; sourceTree = "<group>"; };
		1D4336CF1E11595800F4A3D9 /* CollectionBaseCell.swift */ = {isa = PBXFileReference; fileEncoding = 4; lastKnownFileType = sourcecode.swift; path = CollectionBaseCell.swift; sourceTree = "<group>"; };
		1D4336D11E1161C800F4A3D9 /* RecommendCycleView.xib */ = {isa = PBXFileReference; fileEncoding = 4; lastKnownFileType = file.xib; path = RecommendCycleView.xib; sourceTree = "<group>"; };
		1D4336D31E1161E500F4A3D9 /* RecommendCycleView.swift */ = {isa = PBXFileReference; fileEncoding = 4; lastKnownFileType = sourcecode.swift; path = RecommendCycleView.swift; sourceTree = "<group>"; };
		1D4336D51E12B7BC00F4A3D9 /* CycleModel.swift */ = {isa = PBXFileReference; fileEncoding = 4; lastKnownFileType = sourcecode.swift; path = CycleModel.swift; sourceTree = "<group>"; };
		1D477D461DEF138B00817ACB /* douyu.app */ = {isa = PBXFileReference; explicitFileType = wrapper.application; includeInIndex = 0; path = douyu.app; sourceTree = BUILT_PRODUCTS_DIR; };
		1D477D491DEF138B00817ACB /* AppDelegate.swift */ = {isa = PBXFileReference; lastKnownFileType = sourcecode.swift; path = AppDelegate.swift; sourceTree = "<group>"; };
		1D477D4E1DEF138B00817ACB /* Base */ = {isa = PBXFileReference; lastKnownFileType = file.storyboard; name = Base; path = Base.lproj/Main.storyboard; sourceTree = "<group>"; };
		1D477D501DEF138B00817ACB /* Assets.xcassets */ = {isa = PBXFileReference; lastKnownFileType = folder.assetcatalog; path = Assets.xcassets; sourceTree = "<group>"; };
		1D477D551DEF138B00817ACB /* Info.plist */ = {isa = PBXFileReference; lastKnownFileType = text.plist.xml; path = Info.plist; sourceTree = "<group>"; };
		1D4FD64A1DF9A041003B04FE /* RecommendController.swift */ = {isa = PBXFileReference; fileEncoding = 4; lastKnownFileType = sourcecode.swift; path = RecommendController.swift; sourceTree = "<group>"; };
		1D5074DA1DF1BF440033C03B /* HomeController.swift */ = {isa = PBXFileReference; fileEncoding = 4; lastKnownFileType = sourcecode.swift; path = HomeController.swift; sourceTree = "<group>"; };
		1D5074DD1DF1C4130033C03B /* UIBarButtonItem+Extension.swift */ = {isa = PBXFileReference; fileEncoding = 4; lastKnownFileType = sourcecode.swift; path = "UIBarButtonItem+Extension.swift"; sourceTree = "<group>"; };
		1D5074FC1DF2BBB50033C03B /* Common.swift */ = {isa = PBXFileReference; fileEncoding = 4; lastKnownFileType = sourcecode.swift; path = Common.swift; sourceTree = "<group>"; };
		1D5074FE1DF2BD0F0033C03B /* PagetitleView.swift */ = {isa = PBXFileReference; fileEncoding = 4; lastKnownFileType = sourcecode.swift; path = PagetitleView.swift; sourceTree = "<group>"; };
		1DADF5071E19092400B4A91F /* GameController.swift */ = {isa = PBXFileReference; fileEncoding = 4; lastKnownFileType = sourcecode.swift; path = GameController.swift; sourceTree = "<group>"; };
		1DADF5091E190D9100B4A91F /* GameCell.swift */ = {isa = PBXFileReference; fileEncoding = 4; lastKnownFileType = sourcecode.swift; path = GameCell.swift; sourceTree = "<group>"; };
		1DADF50A1E190D9100B4A91F /* GameCell.xib */ = {isa = PBXFileReference; fileEncoding = 4; lastKnownFileType = file.xib; path = GameCell.xib; sourceTree = "<group>"; };
		1DB7BD891DEF27150051FDD0 /* Base */ = {isa = PBXFileReference; lastKnownFileType = file.storyboard; name = Base; path = Base.lproj/Home.storyboard; sourceTree = "<group>"; };
		1DB7BD8B1DEF28540051FDD0 /* Live.storyboard */ = {isa = PBXFileReference; fileEncoding = 4; lastKnownFileType = file.storyboard; path = Live.storyboard; sourceTree = "<group>"; };
		1DB7BD8E1DEF28680051FDD0 /* Base */ = {isa = PBXFileReference; lastKnownFileType = file.storyboard; name = Base; path = Base.lproj/Follow.storyboard; sourceTree = "<group>"; };
		1DB7BD901DEF287E0051FDD0 /* Profile.storyboard */ = {isa = PBXFileReference; fileEncoding = 4; lastKnownFileType = file.storyboard; path = Profile.storyboard; sourceTree = "<group>"; };
		1DD4F3391E17B505003C04C8 /* RecommendCycleCell.swift */ = {isa = PBXFileReference; fileEncoding = 4; lastKnownFileType = sourcecode.swift; path = RecommendCycleCell.swift; sourceTree = "<group>"; };
		1DD4F33A1E17B505003C04C8 /* RecommendCycleCell.xib */ = {isa = PBXFileReference; fileEncoding = 4; lastKnownFileType = file.xib; path = RecommendCycleCell.xib; sourceTree = "<group>"; };
		1DE453621E0C1A2C002A5888 /* CollectionViewBeautyCell.swift */ = {isa = PBXFileReference; fileEncoding = 4; lastKnownFileType = sourcecode.swift; path = CollectionViewBeautyCell.swift; sourceTree = "<group>"; };
		1DE453631E0C1A2C002A5888 /* CollectionViewBeautyCell.xib */ = {isa = PBXFileReference; fileEncoding = 4; lastKnownFileType = file.xib; path = CollectionViewBeautyCell.xib; sourceTree = "<group>"; };
		1DF0CB881E042E0D00933227 /* CollectionHeader.swift */ = {isa = PBXFileReference; fileEncoding = 4; lastKnownFileType = sourcecode.swift; path = CollectionHeader.swift; sourceTree = "<group>"; };
		1DF0CB891E042E0D00933227 /* CollectionHeader.xib */ = {isa = PBXFileReference; fileEncoding = 4; lastKnownFileType = file.xib; path = CollectionHeader.xib; sourceTree = "<group>"; };
		9DB820765B538DE3F683A52E /* Pods_douyu.framework */ = {isa = PBXFileReference; explicitFileType = wrapper.framework; includeInIndex = 0; path = Pods_douyu.framework; sourceTree = BUILT_PRODUCTS_DIR; };
		C8AF64727B7B42B2C5FE147B /* Pods-douyu.release.xcconfig */ = {isa = PBXFileReference; includeInIndex = 1; lastKnownFileType = text.xcconfig; name = "Pods-douyu.release.xcconfig"; path = "Pods/Target Support Files/Pods-douyu/Pods-douyu.release.xcconfig"; sourceTree = "<group>"; };
/* End PBXFileReference section */

/* Begin PBXFrameworksBuildPhase section */
		1D477D431DEF138B00817ACB /* Frameworks */ = {
			isa = PBXFrameworksBuildPhase;
			buildActionMask = 2147483647;
			files = (
				57307E67D5E6A17B4D4F1704 /* Pods_douyu.framework in Frameworks */,
			);
			runOnlyForDeploymentPostprocessing = 0;
		};
/* End PBXFrameworksBuildPhase section */

/* Begin PBXGroup section */
		1D258A6D1E0FB7A500EA9014 /* NetWork */ = {
			isa = PBXGroup;
			children = (
				1D258A6E1E0FB80F00EA9014 /* NetWork.swift */,
			);
			path = NetWork;
			sourceTree = "<group>";
		};
		1D477D3D1DEF138B00817ACB = {
			isa = PBXGroup;
			children = (
				1D477D481DEF138B00817ACB /* douyu */,
				1D477D471DEF138B00817ACB /* Products */,
				2DF9A74CFE0B1D073A67C295 /* Pods */,
				6FC02689077043C57EBF6915 /* Frameworks */,
			);
			sourceTree = "<group>";
		};
		1D477D471DEF138B00817ACB /* Products */ = {
			isa = PBXGroup;
			children = (
				1D477D461DEF138B00817ACB /* douyu.app */,
			);
			name = Products;
			sourceTree = "<group>";
		};
		1D477D481DEF138B00817ACB /* douyu */ = {
			isa = PBXGroup;
			children = (
				1DB7BD741DEF22460051FDD0 /* Classes */,
				1D477D491DEF138B00817ACB /* AppDelegate.swift */,
				1D477D4D1DEF138B00817ACB /* Main.storyboard */,
				1DB7BD881DEF27150051FDD0 /* Home.storyboard */,
				1DB7BD8B1DEF28540051FDD0 /* Live.storyboard */,
				1DB7BD8D1DEF28680051FDD0 /* Follow.storyboard */,
				1DB7BD901DEF287E0051FDD0 /* Profile.storyboard */,
				1D477D501DEF138B00817ACB /* Assets.xcassets */,
				1D477D551DEF138B00817ACB /* Info.plist */,
			);
			path = douyu;
			sourceTree = "<group>";
		};
		1D5074DC1DF1C3A50033C03B /* Category */ = {
			isa = PBXGroup;
			children = (
				1D5074DD1DF1C4130033C03B /* UIBarButtonItem+Extension.swift */,
				1D3FB5F31DF5A0A70027F422 /* UIColor+Extension.swift */,
				1D222A791E0FC34A00340877 /* NSDate+Extension.swift */,
			);
			path = Category;
			sourceTree = "<group>";
		};
		1D5074FB1DF2BB4A0033C03B /* Module */ = {
			isa = PBXGroup;
			children = (
				1D5074FE1DF2BD0F0033C03B /* PagetitleView.swift */,
				1D3FB5F11DF59EC30027F422 /* PageContentView.swift */,
			);
			path = Module;
			sourceTree = "<group>";
		};
		1DB7BD741DEF22460051FDD0 /* Classes */ = {
			isa = PBXGroup;
			children = (
				1DB7BD751DEF22460051FDD0 /* Follow */,
				1DB7BD771DEF22460051FDD0 /* Home */,
				1DB7BD7C1DEF22460051FDD0 /* Live */,
				1DB7BD7E1DEF22460051FDD0 /* Main */,
				1DB7BD831DEF22460051FDD0 /* Profile */,
				1DB7BD851DEF22460051FDD0 /* Room */,
				1DB7BD871DEF22460051FDD0 /* Tools */,
			);
			path = Classes;
			sourceTree = "<group>";
		};
		1DB7BD751DEF22460051FDD0 /* Follow */ = {
			isa = PBXGroup;
			children = (
				1DB7BD761DEF22460051FDD0 /* Controller */,
			);
			path = Follow;
			sourceTree = "<group>";
		};
		1DB7BD761DEF22460051FDD0 /* Controller */ = {
			isa = PBXGroup;
			children = (
			);
			path = Controller;
			sourceTree = "<group>";
		};
		1DB7BD771DEF22460051FDD0 /* Home */ = {
			isa = PBXGroup;
			children = (
				1DB7BD781DEF22460051FDD0 /* Controller */,
				1DB7BD791DEF22460051FDD0 /* Model */,
				1DB7BD7A1DEF22460051FDD0 /* View */,
				1DB7BD7B1DEF22460051FDD0 /* ViewModel */,
			);
			path = Home;
			sourceTree = "<group>";
		};
		1DB7BD781DEF22460051FDD0 /* Controller */ = {
			isa = PBXGroup;
			children = (
				1D5074DA1DF1BF440033C03B /* HomeController.swift */,
				1D4FD64A1DF9A041003B04FE /* RecommendController.swift */,
				1DADF5071E19092400B4A91F /* GameController.swift */,
			);
			path = Controller;
			sourceTree = "<group>";
		};
		1DB7BD791DEF22460051FDD0 /* Model */ = {
			isa = PBXGroup;
			children = (
			);
			path = Model;
			sourceTree = "<group>";
		};
		1DB7BD7A1DEF22460051FDD0 /* View */ = {
			isa = PBXGroup;
			children = (
				1DF0CB881E042E0D00933227 /* CollectionHeader.swift */,
				1DF0CB891E042E0D00933227 /* CollectionHeader.xib */,
				1D2C0C111E0668E10035273A /* CollectionViewNormalCell.swift */,
				1D2C0C121E0668E10035273A /* CollectionViewNormalCell.xib */,
				1DE453621E0C1A2C002A5888 /* CollectionViewBeautyCell.swift */,
				1DE453631E0C1A2C002A5888 /* CollectionViewBeautyCell.xib */,
				1D4336CF1E11595800F4A3D9 /* CollectionBaseCell.swift */,
				1D4336D11E1161C800F4A3D9 /* RecommendCycleView.xib */,
				1D4336D31E1161E500F4A3D9 /* RecommendCycleView.swift */,
				1DD4F3391E17B505003C04C8 /* RecommendCycleCell.swift */,
				1DD4F33A1E17B505003C04C8 /* RecommendCycleCell.xib */,
				1DADF5091E190D9100B4A91F /* GameCell.swift */,
				1DADF50A1E190D9100B4A91F /* GameCell.xib */,
			);
			path = View;
			sourceTree = "<group>";
		};
		1DB7BD7B1DEF22460051FDD0 /* ViewModel */ = {
			isa = PBXGroup;
			children = (
				1D222A771E0FC11700340877 /* RecommendViewModel.swift */,
			);
			path = ViewModel;
			sourceTree = "<group>";
		};
		1DB7BD7C1DEF22460051FDD0 /* Live */ = {
			isa = PBXGroup;
			children = (
				1DB7BD7D1DEF22460051FDD0 /* Controller */,
			);
			path = Live;
			sourceTree = "<group>";
		};
		1DB7BD7D1DEF22460051FDD0 /* Controller */ = {
			isa = PBXGroup;
			children = (
			);
			path = Controller;
			sourceTree = "<group>";
		};
		1DB7BD7E1DEF22460051FDD0 /* Main */ = {
			isa = PBXGroup;
			children = (
				1DB7BD7F1DEF22460051FDD0 /* Controller */,
				1DB7BD801DEF22460051FDD0 /* Model */,
				1DB7BD811DEF22460051FDD0 /* View */,
				1DB7BD821DEF22460051FDD0 /* ViewModel */,
			);
			path = Main;
			sourceTree = "<group>";
		};
		1DB7BD7F1DEF22460051FDD0 /* Controller */ = {
			isa = PBXGroup;
			children = (
			);
			path = Controller;
			sourceTree = "<group>";
		};
		1DB7BD801DEF22460051FDD0 /* Model */ = {
			isa = PBXGroup;
			children = (
				1D222A7B1E0FC71700340877 /* AnchorGroup.swift */,
				1D222A7D1E0FCC5400340877 /* Anchor.swift */,
				1D4336D51E12B7BC00F4A3D9 /* CycleModel.swift */,
			);
			path = Model;
			sourceTree = "<group>";
		};
		1DB7BD811DEF22460051FDD0 /* View */ = {
			isa = PBXGroup;
			children = (
			);
			path = View;
			sourceTree = "<group>";
		};
		1DB7BD821DEF22460051FDD0 /* ViewModel */ = {
			isa = PBXGroup;
			children = (
			);
			path = ViewModel;
			sourceTree = "<group>";
		};
		1DB7BD831DEF22460051FDD0 /* Profile */ = {
			isa = PBXGroup;
			children = (
				1DB7BD841DEF22460051FDD0 /* Controller */,
			);
			path = Profile;
			sourceTree = "<group>";
		};
		1DB7BD841DEF22460051FDD0 /* Controller */ = {
			isa = PBXGroup;
			children = (
			);
			path = Controller;
			sourceTree = "<group>";
		};
		1DB7BD851DEF22460051FDD0 /* Room */ = {
			isa = PBXGroup;
			children = (
				1DB7BD861DEF22460051FDD0 /* Controller */,
			);
			path = Room;
			sourceTree = "<group>";
		};
		1DB7BD861DEF22460051FDD0 /* Controller */ = {
			isa = PBXGroup;
			children = (
			);
			path = Controller;
			sourceTree = "<group>";
		};
		1DB7BD871DEF22460051FDD0 /* Tools */ = {
			isa = PBXGroup;
			children = (
				1D258A6D1E0FB7A500EA9014 /* NetWork */,
				1D5074FB1DF2BB4A0033C03B /* Module */,
				1D5074DC1DF1C3A50033C03B /* Category */,
				1D5074FC1DF2BBB50033C03B /* Common.swift */,
			);
			path = Tools;
			sourceTree = "<group>";
		};
		2DF9A74CFE0B1D073A67C295 /* Pods */ = {
			isa = PBXGroup;
			children = (
				10F0ECD10401EB9DF8B1135B /* Pods-douyu.debug.xcconfig */,
				C8AF64727B7B42B2C5FE147B /* Pods-douyu.release.xcconfig */,
			);
			name = Pods;
			sourceTree = "<group>";
		};
		6FC02689077043C57EBF6915 /* Frameworks */ = {
			isa = PBXGroup;
			children = (
				9DB820765B538DE3F683A52E /* Pods_douyu.framework */,
			);
			name = Frameworks;
			sourceTree = "<group>";
		};
/* End PBXGroup section */

/* Begin PBXNativeTarget section */
		1D477D451DEF138B00817ACB /* douyu */ = {
			isa = PBXNativeTarget;
			buildConfigurationList = 1D477D581DEF138B00817ACB /* Build configuration list for PBXNativeTarget "douyu" */;
			buildPhases = (
				7AEEC3951D12A9FCFFCD4DA6 /* [CP] Check Pods Manifest.lock */,
				1D477D421DEF138B00817ACB /* Sources */,
				1D477D431DEF138B00817ACB /* Frameworks */,
				1D477D441DEF138B00817ACB /* Resources */,
				3EBB0A39D5F0FBF14F7782DE /* [CP] Embed Pods Frameworks */,
				4C12E55312B1B87D719D2F5C /* [CP] Copy Pods Resources */,
			);
			buildRules = (
			);
			dependencies = (
			);
			name = douyu;
			productName = douyu;
			productReference = 1D477D461DEF138B00817ACB /* douyu.app */;
			productType = "com.apple.product-type.application";
		};
/* End PBXNativeTarget section */

/* Begin PBXProject section */
		1D477D3E1DEF138B00817ACB /* Project object */ = {
			isa = PBXProject;
			attributes = {
				LastSwiftUpdateCheck = 0810;
				LastUpgradeCheck = 0820;
				ORGANIZATIONNAME = SF;
				TargetAttributes = {
					1D477D451DEF138B00817ACB = {
						CreatedOnToolsVersion = 8.1;
						DevelopmentTeam = VN226642G5;
						ProvisioningStyle = Automatic;
					};
				};
			};
			buildConfigurationList = 1D477D411DEF138B00817ACB /* Build configuration list for PBXProject "douyu" */;
			compatibilityVersion = "Xcode 3.2";
			developmentRegion = English;
			hasScannedForEncodings = 0;
			knownRegions = (
				en,
				Base,
			);
			mainGroup = 1D477D3D1DEF138B00817ACB;
			productRefGroup = 1D477D471DEF138B00817ACB /* Products */;
			projectDirPath = "";
			projectRoot = "";
			targets = (
				1D477D451DEF138B00817ACB /* douyu */,
			);
		};
/* End PBXProject section */

/* Begin PBXResourcesBuildPhase section */
		1D477D441DEF138B00817ACB /* Resources */ = {
			isa = PBXResourcesBuildPhase;
			buildActionMask = 2147483647;
			files = (
				1D4336D21E1161C800F4A3D9 /* RecommendCycleView.xib in Resources */,
				1DE453651E0C1A2C002A5888 /* CollectionViewBeautyCell.xib in Resources */,
				1DB7BD911DEF287E0051FDD0 /* Profile.storyboard in Resources */,
				1DB7BD8F1DEF28680051FDD0 /* Follow.storyboard in Resources */,
				1DF0CB8B1E042E0D00933227 /* CollectionHeader.xib in Resources */,
				1DB7BD8A1DEF27150051FDD0 /* Home.storyboard in Resources */,
				1DD4F33C1E17B505003C04C8 /* RecommendCycleCell.xib in Resources */,
				1D477D511DEF138B00817ACB /* Assets.xcassets in Resources */,
				1D2C0C141E0668E10035273A /* CollectionViewNormalCell.xib in Resources */,
				1DB7BD8C1DEF28540051FDD0 /* Live.storyboard in Resources */,
				1D477D4F1DEF138B00817ACB /* Main.storyboard in Resources */,
				1DADF50C1E190D9100B4A91F /* GameCell.xib in Resources */,
			);
			runOnlyForDeploymentPostprocessing = 0;
		};
/* End PBXResourcesBuildPhase section */

/* Begin PBXShellScriptBuildPhase section */
		3EBB0A39D5F0FBF14F7782DE /* [CP] Embed Pods Frameworks */ = {
			isa = PBXShellScriptBuildPhase;
			buildActionMask = 2147483647;
			files = (
			);
			inputPaths = (
			);
			name = "[CP] Embed Pods Frameworks";
			outputPaths = (
			);
			runOnlyForDeploymentPostprocessing = 0;
			shellPath = /bin/sh;
			shellScript = "\"${SRCROOT}/Pods/Target Support Files/Pods-douyu/Pods-douyu-frameworks.sh\"\n";
			showEnvVarsInLog = 0;
		};
		4C12E55312B1B87D719D2F5C /* [CP] Copy Pods Resources */ = {
			isa = PBXShellScriptBuildPhase;
			buildActionMask = 2147483647;
			files = (
			);
			inputPaths = (
			);
			name = "[CP] Copy Pods Resources";
			outputPaths = (
			);
			runOnlyForDeploymentPostprocessing = 0;
			shellPath = /bin/sh;
			shellScript = "\"${SRCROOT}/Pods/Target Support Files/Pods-douyu/Pods-douyu-resources.sh\"\n";
			showEnvVarsInLog = 0;
		};
		7AEEC3951D12A9FCFFCD4DA6 /* [CP] Check Pods Manifest.lock */ = {
			isa = PBXShellScriptBuildPhase;
			buildActionMask = 2147483647;
			files = (
			);
			inputPaths = (
			);
			name = "[CP] Check Pods Manifest.lock";
			outputPaths = (
			);
			runOnlyForDeploymentPostprocessing = 0;
			shellPath = /bin/sh;
			shellScript = "diff \"${PODS_ROOT}/../Podfile.lock\" \"${PODS_ROOT}/Manifest.lock\" > /dev/null\nif [ $? != 0 ] ; then\n    # print error to STDERR\n    echo \"error: The sandbox is not in sync with the Podfile.lock. Run 'pod install' or update your CocoaPods installation.\" >&2\n    exit 1\nfi\n";
			showEnvVarsInLog = 0;
		};
/* End PBXShellScriptBuildPhase section */

/* Begin PBXSourcesBuildPhase section */
		1D477D421DEF138B00817ACB /* Sources */ = {
			isa = PBXSourcesBuildPhase;
			buildActionMask = 2147483647;
			files = (
				1DE453641E0C1A2C002A5888 /* CollectionViewBeautyCell.swift in Sources */,
				1D3FB5F41DF5A0A70027F422 /* UIColor+Extension.swift in Sources */,
				1D222A7E1E0FCC5400340877 /* Anchor.swift in Sources */,
				1DADF50B1E190D9100B4A91F /* GameCell.swift in Sources */,
				1D258A6F1E0FB80F00EA9014 /* NetWork.swift in Sources */,
				1D4336D01E11595800F4A3D9 /* CollectionBaseCell.swift in Sources */,
				1D5074FD1DF2BBB50033C03B /* Common.swift in Sources */,
				1D4FD64B1DF9A041003B04FE /* RecommendController.swift in Sources */,
				1D2C0C131E0668E10035273A /* CollectionViewNormalCell.swift in Sources */,
				1D4336D41E1161E500F4A3D9 /* RecommendCycleView.swift in Sources */,
				1D222A7A1E0FC34A00340877 /* NSDate+Extension.swift in Sources */,
				1DF0CB8A1E042E0D00933227 /* CollectionHeader.swift in Sources */,
				1D3FB5F21DF59EC30027F422 /* PageContentView.swift in Sources */,
				1D5074DB1DF1BF440033C03B /* HomeController.swift in Sources */,
				1DADF5081E19092400B4A91F /* GameController.swift in Sources */,
				1D5074DE1DF1C4130033C03B /* UIBarButtonItem+Extension.swift in Sources */,
				1D4336D61E12B7BC00F4A3D9 /* CycleModel.swift in Sources */,
				1D5074FF1DF2BD0F0033C03B /* PagetitleView.swift in Sources */,
				1D222A7C1E0FC71700340877 /* AnchorGroup.swift in Sources */,
				1DD4F33B1E17B505003C04C8 /* RecommendCycleCell.swift in Sources */,
				1D477D4A1DEF138B00817ACB /* AppDelegate.swift in Sources */,
				1D222A781E0FC11700340877 /* RecommendViewModel.swift in Sources */,
			);
			runOnlyForDeploymentPostprocessing = 0;
		};
/* End PBXSourcesBuildPhase section */

/* Begin PBXVariantGroup section */
		1D477D4D1DEF138B00817ACB /* Main.storyboard */ = {
			isa = PBXVariantGroup;
			children = (
				1D477D4E1DEF138B00817ACB /* Base */,
			);
			name = Main.storyboard;
			sourceTree = "<group>";
		};
		1DB7BD881DEF27150051FDD0 /* Home.storyboard */ = {
			isa = PBXVariantGroup;
			children = (
				1DB7BD891DEF27150051FDD0 /* Base */,
			);
			name = Home.storyboard;
			sourceTree = "<group>";
		};
		1DB7BD8D1DEF28680051FDD0 /* Follow.storyboard */ = {
			isa = PBXVariantGroup;
			children = (
				1DB7BD8E1DEF28680051FDD0 /* Base */,
			);
			name = Follow.storyboard;
			sourceTree = "<group>";
		};
/* End PBXVariantGroup section */

/* Begin XCBuildConfiguration section */
		1D477D561DEF138B00817ACB /* Debug */ = {
			isa = XCBuildConfiguration;
			buildSettings = {
				ALWAYS_SEARCH_USER_PATHS = NO;
				CLANG_ANALYZER_NONNULL = YES;
				CLANG_CXX_LANGUAGE_STANDARD = "gnu++0x";
				CLANG_CXX_LIBRARY = "libc++";
				CLANG_ENABLE_MODULES = YES;
				CLANG_ENABLE_OBJC_ARC = YES;
				CLANG_WARN_BOOL_CONVERSION = YES;
				CLANG_WARN_CONSTANT_CONVERSION = YES;
				CLANG_WARN_DIRECT_OBJC_ISA_USAGE = YES_ERROR;
				CLANG_WARN_DOCUMENTATION_COMMENTS = YES;
				CLANG_WARN_EMPTY_BODY = YES;
				CLANG_WARN_ENUM_CONVERSION = YES;
				CLANG_WARN_INFINITE_RECURSION = YES;
				CLANG_WARN_INT_CONVERSION = YES;
				CLANG_WARN_OBJC_ROOT_CLASS = YES_ERROR;
				CLANG_WARN_SUSPICIOUS_MOVE = YES;
				CLANG_WARN_SUSPICIOUS_MOVES = YES;
				CLANG_WARN_UNREACHABLE_CODE = YES;
				CLANG_WARN__DUPLICATE_METHOD_MATCH = YES;
				"CODE_SIGN_IDENTITY[sdk=iphoneos*]" = "iPhone Developer";
				COPY_PHASE_STRIP = NO;
				DEBUG_INFORMATION_FORMAT = dwarf;
				ENABLE_STRICT_OBJC_MSGSEND = YES;
				ENABLE_TESTABILITY = YES;
				GCC_C_LANGUAGE_STANDARD = gnu99;
				GCC_DYNAMIC_NO_PIC = NO;
				GCC_NO_COMMON_BLOCKS = YES;
				GCC_OPTIMIZATION_LEVEL = 0;
				GCC_PREPROCESSOR_DEFINITIONS = (
					"DEBUG=1",
					"$(inherited)",
				);
				GCC_WARN_64_TO_32_BIT_CONVERSION = YES;
				GCC_WARN_ABOUT_RETURN_TYPE = YES_ERROR;
				GCC_WARN_UNDECLARED_SELECTOR = YES;
				GCC_WARN_UNINITIALIZED_AUTOS = YES_AGGRESSIVE;
				GCC_WARN_UNUSED_FUNCTION = YES;
				GCC_WARN_UNUSED_VARIABLE = YES;
				IPHONEOS_DEPLOYMENT_TARGET = 9.0;
				MTL_ENABLE_DEBUG_INFO = YES;
				ONLY_ACTIVE_ARCH = YES;
				SDKROOT = iphoneos;
				SWIFT_ACTIVE_COMPILATION_CONDITIONS = DEBUG;
				SWIFT_OPTIMIZATION_LEVEL = "-Onone";
			};
			name = Debug;
		};
		1D477D571DEF138B00817ACB /* Release */ = {
			isa = XCBuildConfiguration;
			buildSettings = {
				ALWAYS_SEARCH_USER_PATHS = NO;
				CLANG_ANALYZER_NONNULL = YES;
				CLANG_CXX_LANGUAGE_STANDARD = "gnu++0x";
				CLANG_CXX_LIBRARY = "libc++";
				CLANG_ENABLE_MODULES = YES;
				CLANG_ENABLE_OBJC_ARC = YES;
				CLANG_WARN_BOOL_CONVERSION = YES;
				CLANG_WARN_CONSTANT_CONVERSION = YES;
				CLANG_WARN_DIRECT_OBJC_ISA_USAGE = YES_ERROR;
				CLANG_WARN_DOCUMENTATION_COMMENTS = YES;
				CLANG_WARN_EMPTY_BODY = YES;
				CLANG_WARN_ENUM_CONVERSION = YES;
				CLANG_WARN_INFINITE_RECURSION = YES;
				CLANG_WARN_INT_CONVERSION = YES;
				CLANG_WARN_OBJC_ROOT_CLASS = YES_ERROR;
				CLANG_WARN_SUSPICIOUS_MOVE = YES;
				CLANG_WARN_SUSPICIOUS_MOVES = YES;
				CLANG_WARN_UNREACHABLE_CODE = YES;
				CLANG_WARN__DUPLICATE_METHOD_MATCH = YES;
				"CODE_SIGN_IDENTITY[sdk=iphoneos*]" = "iPhone Developer";
				COPY_PHASE_STRIP = NO;
				DEBUG_INFORMATION_FORMAT = "dwarf-with-dsym";
				ENABLE_NS_ASSERTIONS = NO;
				ENABLE_STRICT_OBJC_MSGSEND = YES;
				GCC_C_LANGUAGE_STANDARD = gnu99;
				GCC_NO_COMMON_BLOCKS = YES;
				GCC_WARN_64_TO_32_BIT_CONVERSION = YES;
				GCC_WARN_ABOUT_RETURN_TYPE = YES_ERROR;
				GCC_WARN_UNDECLARED_SELECTOR = YES;
				GCC_WARN_UNINITIALIZED_AUTOS = YES_AGGRESSIVE;
				GCC_WARN_UNUSED_FUNCTION = YES;
				GCC_WARN_UNUSED_VARIABLE = YES;
				IPHONEOS_DEPLOYMENT_TARGET = 9.0;
				MTL_ENABLE_DEBUG_INFO = NO;
				SDKROOT = iphoneos;
				SWIFT_OPTIMIZATION_LEVEL = "-Owholemodule";
				VALIDATE_PRODUCT = YES;
			};
			name = Release;
		};
		1D477D591DEF138B00817ACB /* Debug */ = {
			isa = XCBuildConfiguration;
			baseConfigurationReference = 10F0ECD10401EB9DF8B1135B /* Pods-douyu.debug.xcconfig */;
			buildSettings = {
				ALWAYS_EMBED_SWIFT_STANDARD_LIBRARIES = YES;
				ASSETCATALOG_COMPILER_APPICON_NAME = AppIcon;
				ASSETCATALOG_COMPILER_LAUNCHIMAGE_NAME = LaunchImage;
				DEVELOPMENT_TEAM = VN226642G5;
				INFOPLIST_FILE = douyu/Info.plist;
				LD_RUNPATH_SEARCH_PATHS = "$(inherited) @executable_path/Frameworks";
				PRODUCT_BUNDLE_IDENTIFIER = com.suifeng.douyu;
				PRODUCT_NAME = "$(TARGET_NAME)";
				SWIFT_VERSION = 3.0;
			};
			name = Debug;
		};
		1D477D5A1DEF138B00817ACB /* Release */ = {
			isa = XCBuildConfiguration;
			baseConfigurationReference = C8AF64727B7B42B2C5FE147B /* Pods-douyu.release.xcconfig */;
			buildSettings = {
				ALWAYS_EMBED_SWIFT_STANDARD_LIBRARIES = YES;
				ASSETCATALOG_COMPILER_APPICON_NAME = AppIcon;
				ASSETCATALOG_COMPILER_LAUNCHIMAGE_NAME = LaunchImage;
				DEVELOPMENT_TEAM = VN226642G5;
				INFOPLIST_FILE = douyu/Info.plist;
				LD_RUNPATH_SEARCH_PATHS = "$(inherited) @executable_path/Frameworks";
				PRODUCT_BUNDLE_IDENTIFIER = com.suifeng.douyu;
				PRODUCT_NAME = "$(TARGET_NAME)";
				SWIFT_VERSION = 3.0;
			};
			name = Release;
		};
/* End XCBuildConfiguration section */

/* Begin XCConfigurationList section */
		1D477D411DEF138B00817ACB /* Build configuration list for PBXProject "douyu" */ = {
			isa = XCConfigurationList;
			buildConfigurations = (
				1D477D561DEF138B00817ACB /* Debug */,
				1D477D571DEF138B00817ACB /* Release */,
			);
			defaultConfigurationIsVisible = 0;
			defaultConfigurationName = Release;
		};
		1D477D581DEF138B00817ACB /* Build configuration list for PBXNativeTarget "douyu" */ = {
			isa = XCConfigurationList;
			buildConfigurations = (
				1D477D591DEF138B00817ACB /* Debug */,
				1D477D5A1DEF138B00817ACB /* Release */,
			);
			defaultConfigurationIsVisible = 0;
			defaultConfigurationName = Release;
		};
/* End XCConfigurationList section */
	};
	rootObject = 1D477D3E1DEF138B00817ACB /* Project object */;
}
